
Microsoft Visual Studio Solution File, Format Version 12.00
# Visual Studio Version 16
VisualStudioVersion = 16.0.29215.179
MinimumVisualStudioVersion = 10.0.40219.1
Project("{9A19103F-16F7-4668-BE54-9A1E7A4F7556}") = "Bookmi", "Bookmi\Bookmi.csproj", "{22B86B1C-5CB7-41F7-BAA0-6C411D0EF79D}"
EndProject
Project("{9A19103F-16F7-4668-BE54-9A1E7A4F7556}") = "BookmiTests", "BookmiTests\BookmiTests.csproj", "{DEC15C6B-45FA-4139-9D4B-D28072148913}"
EndProject
Global
	GlobalSection(SolutionConfigurationPlatforms) = preSolution
		Debug|Any CPU = Debug|Any CPU
		Release|Any CPU = Release|Any CPU
	EndGlobalSection
	GlobalSection(ProjectConfigurationPlatforms) = postSolution
		{22B86B1C-5CB7-41F7-BAA0-6C411D0EF79D}.Debug|Any CPU.ActiveCfg = Debug|Any CPU
		{22B86B1C-5CB7-41F7-BAA0-6C411D0EF79D}.Debug|Any CPU.Build.0 = Debug|Any CPU
		{22B86B1C-5CB7-41F7-BAA0-6C411D0EF79D}.Release|Any CPU.ActiveCfg = Release|Any CPU
		{22B86B1C-5CB7-41F7-BAA0-6C411D0EF79D}.Release|Any CPU.Build.0 = Release|Any CPU
		{DEC15C6B-45FA-4139-9D4B-D28072148913}.Debug|Any CPU.ActiveCfg = Debug|Any CPU
		{DEC15C6B-45FA-4139-9D4B-D28072148913}.Debug|Any CPU.Build.0 = Debug|Any CPU
		{DEC15C6B-45FA-4139-9D4B-D28072148913}.Release|Any CPU.ActiveCfg = Release|Any CPU
		{DEC15C6B-45FA-4139-9D4B-D28072148913}.Release|Any CPU.Build.0 = Release|Any CPU
	EndGlobalSection
	GlobalSection(SolutionProperties) = preSolution
		HideSolutionNode = FALSE
	EndGlobalSection
	GlobalSection(ExtensibilityGlobals) = postSolution
		SolutionGuid = {33328CBC-B0C9-4C58-9E72-520C3771D6A5}
	EndGlobalSection
EndGlobal
